
Microsoft Visual Studio Solution File, Format Version 12.00
# Visual Studio Version 16
VisualStudioVersion = 16.0.31129.286
MinimumVisualStudioVersion = 10.0.40219.1
Project("{FAE04EC0-301F-11D3-BF4B-00C04F79EFBC}") = "GenshinVLeague", "GenshinVLeague.csproj", "{E7BBE12D-550D-4B06-915A-91D7827840A5}"
EndProject
Global
	GlobalSection(SolutionConfigurationPlatforms) = preSolution
		Debug|Any CPU = Debug|Any CPU
		Release|Any CPU = Release|Any CPU
	EndGlobalSection
	GlobalSection(ProjectConfigurationPlatforms) = postSolution
		{E7BBE12D-550D-4B06-915A-91D7827840A5}.Debug|Any CPU.ActiveCfg = Debug|Any CPU
		{E7BBE12D-550D-4B06-915A-91D7827840A5}.Debug|Any CPU.Build.0 = Debug|Any CPU
		{E7BBE12D-550D-4B06-915A-91D7827840A5}.Release|Any CPU.ActiveCfg = Release|Any CPU
		{E7BBE12D-550D-4B06-915A-91D7827840A5}.Release|Any CPU.Build.0 = Release|Any CPU
	EndGlobalSection
	GlobalSection(SolutionProperties) = preSolution
		HideSolutionNode = FALSE
	EndGlobalSection
	GlobalSection(ExtensibilityGlobals) = postSolution
		SolutionGuid = {467AC180-1AF2-4EF9-9CA1-B8DDA4882177}
	EndGlobalSection
EndGlobal
